
Microsoft Visual Studio Solution File, Format Version 12.00
# Visual Studio 2012
Project("{FAE04EC0-301F-11D3-BF4B-00C04F79EFBC}") = "Pema-Chip8", "Pema-Chip8\Pema-Chip8.csproj", "{4A9BC3A3-F31B-43A1-9EB4-8A6860E3AC40}"
EndProject
Global
	GlobalSection(SolutionConfigurationPlatforms) = preSolution
		Debug|Any CPU = Debug|Any CPU
		Release|Any CPU = Release|Any CPU
	EndGlobalSection
	GlobalSection(ProjectConfigurationPlatforms) = postSolution
		{4A9BC3A3-F31B-43A1-9EB4-8A6860E3AC40}.Debug|Any CPU.ActiveCfg = Debug|Any CPU
		{4A9BC3A3-F31B-43A1-9EB4-8A6860E3AC40}.Debug|Any CPU.Build.0 = Debug|Any CPU
		{4A9BC3A3-F31B-43A1-9EB4-8A6860E3AC40}.Release|Any CPU.ActiveCfg = Release|Any CPU
		{4A9BC3A3-F31B-43A1-9EB4-8A6860E3AC40}.Release|Any CPU.Build.0 = Release|Any CPU
	EndGlobalSection
EndGlobal
